
Microsoft Visual Studio Solution File, Format Version 12.00
# Visual Studio Version 17
VisualStudioVersion = 17.0.31903.59
MinimumVisualStudioVersion = 10.0.40219.1
Project("{FAE04EC0-301F-11D3-BF4B-00C04F79EFBC}") = "Radsel.Core", "Radsel.Core\Radsel.Core.csproj", "{05D40FFC-B42C-4509-8CFA-FC0CD7B267C2}"
EndProject
Project("{FAE04EC0-301F-11D3-BF4B-00C04F79EFBC}") = "Radsel.Core.Test", "Radsel.Core.Test\Radsel.Core.Test.csproj", "{FDAF221C-EC85-448A-9840-4E77AF36A7B9}"
EndProject
Global
	GlobalSection(SolutionConfigurationPlatforms) = preSolution
		Debug|Any CPU = Debug|Any CPU
		Release|Any CPU = Release|Any CPU
	EndGlobalSection
	GlobalSection(SolutionProperties) = preSolution
		HideSolutionNode = FALSE
	EndGlobalSection
	GlobalSection(ProjectConfigurationPlatforms) = postSolution
		{05D40FFC-B42C-4509-8CFA-FC0CD7B267C2}.Debug|Any CPU.ActiveCfg = Debug|Any CPU
		{05D40FFC-B42C-4509-8CFA-FC0CD7B267C2}.Debug|Any CPU.Build.0 = Debug|Any CPU
		{05D40FFC-B42C-4509-8CFA-FC0CD7B267C2}.Release|Any CPU.ActiveCfg = Release|Any CPU
		{05D40FFC-B42C-4509-8CFA-FC0CD7B267C2}.Release|Any CPU.Build.0 = Release|Any CPU
		{FDAF221C-EC85-448A-9840-4E77AF36A7B9}.Debug|Any CPU.ActiveCfg = Debug|Any CPU
		{FDAF221C-EC85-448A-9840-4E77AF36A7B9}.Debug|Any CPU.Build.0 = Debug|Any CPU
		{FDAF221C-EC85-448A-9840-4E77AF36A7B9}.Release|Any CPU.ActiveCfg = Release|Any CPU
		{FDAF221C-EC85-448A-9840-4E77AF36A7B9}.Release|Any CPU.Build.0 = Release|Any CPU
	EndGlobalSection
EndGlobal
